{
  "requires": true,
  "lockfileVersion": 1,
  "dependencies": {
    "commander": {
      "version": "6.2.1",
      "resolved": "https://registry.npmjs.org/commander/-/commander-6.2.1.tgz",
      "integrity": "sha512-U7VdrJFnJgo4xjrHpTzu0yrHPGImdsmD95ZlgYSEajAn2JKzDhDTPG9kBTefmObL2w/ngeZnilk+OV9CG3d7UA=="
    },
    "dateformat": {
      "version": "4.4.1",
      "resolved": "https://registry.npmjs.org/dateformat/-/dateformat-4.4.1.tgz",
      "integrity": "sha512-3V9b/50QBYmFtd2c3cPOmdr2xNfnDphoBLxh/UVBoPIsylWkbUYGq3f4EQYuEaK7Mq4vcIpQCmOyJ37pqW/Uug=="
    }
  }
}
